hash: fcea9fe94a33d4eda55b41ff4f31f1199b32de0322accb5c2cedcc4d1a1280fd
updated: 2017-07-11T16:24:09.9382181+08:00
imports:
- name: github.com/codegangsta/cli
  version: 0bdeddeeb0f650497d603c4ad7b20cfe685682f6
- name: github.com/rakyll/statik
  version: 274df120e9065bdd08eb1120e0375e3dc1ae8465
testImports: []
